dependencies:
- name: valkey
  repository: https://valkey.io/valkey-helm/
  version: 0.9.4
- name: prometheus
  repository: https://prometheus-community.github.io/helm-charts
  version: 29.2.1
- name: grafana
  repository: oci://ghcr.io/grafana-community/helm-charts
  version: 12.1.1
digest: sha256:88b06c0ca066573b4ce05f548497d54a7a79ef696739a63e9fb6f24aa6488bb1
generated: "2026-04-24T16:29:01.916174726+02:00"
