dependencies:
- name: valkey
  repository: oci://registry-1.docker.io/bitnamicharts
  version: 0.3.14
- name: prometheus
  repository: oci://registry-1.docker.io/bitnamicharts
  version: 0.2.2
- name: grafana
  repository: oci://registry-1.docker.io/bitnamicharts
  version: 9.2.1
- name: node-exporter
  repository: oci://registry-1.docker.io/bitnamicharts
  version: 3.8.0
digest: sha256:215ce723747d9bd0af91a74c496727c684ec97c63f8a714e22c0c4c57c7c4ef6
generated: "2024-08-16T14:06:08.518095673+02:00"
